
Microsoft Visual Studio Solution File, Format Version 12.00
# Visual Studio Version 17
VisualStudioVersion = 17.13.35931.197
MinimumVisualStudioVersion = 10.0.40219.1
Project("{FAE04EC0-301F-11D3-BF4B-00C04F79EFBC}") = "Library", "Library\Library.csproj", "{16B50972-19A8-4EF5-B50C-5D5C596576E6}"
EndProject
Project("{2150E333-8FDC-42A3-9474-1A3956D46DE8}") = "Core", "Core", "{02EA681E-C7D8-13C7-8484-4AC65E1B71E8}"
EndProject
Project("{FAE04EC0-301F-11D3-BF4B-00C04F79EFBC}") = "Application", "Application\Application.csproj", "{2A41CA9C-21A0-4751-9111-1F8809779563}"
EndProject
Project("{FAE04EC0-301F-11D3-BF4B-00C04F79EFBC}") = "Domain", "Domain\Domain.csproj", "{D3D9EE35-732B-4B37-9598-CABD25C39661}"
EndProject
Project("{2150E333-8FDC-42A3-9474-1A3956D46DE8}") = "Infrastucture", "Infrastucture", "{E9553911-D94F-4DF7-8719-022677A898AF}"
EndProject
Project("{2150E333-8FDC-42A3-9474-1A3956D46DE8}") = "UserInterface", "UserInterface", "{3560CB46-CDE5-47B7-B97B-4362A3C0ABAD}"
EndProject
Project("{2150E333-8FDC-42A3-9474-1A3956D46DE8}") = "Presentation", "Presentation", "{4DEB2D0F-63B6-4B55-9D0D-929A58799AA5}"
EndProject
Project("{FAE04EC0-301F-11D3-BF4B-00C04F79EFBC}") = "Api", "Api\Api.csproj", "{95F92BF4-751A-461F-AD12-9F511FCE8669}"
EndProject
Project("{2150E333-8FDC-42A3-9474-1A3956D46DE8}") = "Common", "Common", "{B2F73C39-C8C0-43CE-95E9-EC05C9456C0F}"
EndProject
Project("{FAE04EC0-301F-11D3-BF4B-00C04F79EFBC}") = "Common", "Common\Common.csproj", "{3D6C8BE8-C186-4BB5-9459-FB15ABA11DD2}"
EndProject
Project("{FAE04EC0-301F-11D3-BF4B-00C04F79EFBC}") = "Infrastructure", "Infrastructure\Infrastructure.csproj", "{0F7AF087-16BC-4D6E-8831-A17F9E24C758}"
EndProject
Project("{FAE04EC0-301F-11D3-BF4B-00C04F79EFBC}") = "Persistence", "Persistence\Persistence.csproj", "{4B056F96-69D8-4505-8ACD-783F82674E9C}"
EndProject
Global
	GlobalSection(SolutionConfigurationPlatforms) = preSolution
		Debug|Any CPU = Debug|Any CPU
		Release|Any CPU = Release|Any CPU
	EndGlobalSection
	GlobalSection(ProjectConfigurationPlatforms) = postSolution
		{16B50972-19A8-4EF5-B50C-5D5C596576E6}.Debug|Any CPU.ActiveCfg = Debug|Any CPU
		{16B50972-19A8-4EF5-B50C-5D5C596576E6}.Debug|Any CPU.Build.0 = Debug|Any CPU
		{16B50972-19A8-4EF5-B50C-5D5C596576E6}.Release|Any CPU.ActiveCfg = Release|Any CPU
		{16B50972-19A8-4EF5-B50C-5D5C596576E6}.Release|Any CPU.Build.0 = Release|Any CPU
		{2A41CA9C-21A0-4751-9111-1F8809779563}.Debug|Any CPU.ActiveCfg = Debug|Any CPU
		{2A41CA9C-21A0-4751-9111-1F8809779563}.Debug|Any CPU.Build.0 = Debug|Any CPU
		{2A41CA9C-21A0-4751-9111-1F8809779563}.Release|Any CPU.ActiveCfg = Release|Any CPU
		{2A41CA9C-21A0-4751-9111-1F8809779563}.Release|Any CPU.Build.0 = Release|Any CPU
		{D3D9EE35-732B-4B37-9598-CABD25C39661}.Debug|Any CPU.ActiveCfg = Debug|Any CPU
		{D3D9EE35-732B-4B37-9598-CABD25C39661}.Debug|Any CPU.Build.0 = Debug|Any CPU
		{D3D9EE35-732B-4B37-9598-CABD25C39661}.Release|Any CPU.ActiveCfg = Release|Any CPU
		{D3D9EE35-732B-4B37-9598-CABD25C39661}.Release|Any CPU.Build.0 = Release|Any CPU
		{95F92BF4-751A-461F-AD12-9F511FCE8669}.Debug|Any CPU.ActiveCfg = Debug|Any CPU
		{95F92BF4-751A-461F-AD12-9F511FCE8669}.Debug|Any CPU.Build.0 = Debug|Any CPU
		{95F92BF4-751A-461F-AD12-9F511FCE8669}.Release|Any CPU.ActiveCfg = Release|Any CPU
		{95F92BF4-751A-461F-AD12-9F511FCE8669}.Release|Any CPU.Build.0 = Release|Any CPU
		{3D6C8BE8-C186-4BB5-9459-FB15ABA11DD2}.Debug|Any CPU.ActiveCfg = Debug|Any CPU
		{3D6C8BE8-C186-4BB5-9459-FB15ABA11DD2}.Debug|Any CPU.Build.0 = Debug|Any CPU
		{3D6C8BE8-C186-4BB5-9459-FB15ABA11DD2}.Release|Any CPU.ActiveCfg = Release|Any CPU
		{3D6C8BE8-C186-4BB5-9459-FB15ABA11DD2}.Release|Any CPU.Build.0 = Release|Any CPU
		{0F7AF087-16BC-4D6E-8831-A17F9E24C758}.Debug|Any CPU.ActiveCfg = Debug|Any CPU
		{0F7AF087-16BC-4D6E-8831-A17F9E24C758}.Debug|Any CPU.Build.0 = Debug|Any CPU
		{0F7AF087-16BC-4D6E-8831-A17F9E24C758}.Release|Any CPU.ActiveCfg = Release|Any CPU
		{0F7AF087-16BC-4D6E-8831-A17F9E24C758}.Release|Any CPU.Build.0 = Release|Any CPU
		{4B056F96-69D8-4505-8ACD-783F82674E9C}.Debug|Any CPU.ActiveCfg = Debug|Any CPU
		{4B056F96-69D8-4505-8ACD-783F82674E9C}.Debug|Any CPU.Build.0 = Debug|Any CPU
		{4B056F96-69D8-4505-8ACD-783F82674E9C}.Release|Any CPU.ActiveCfg = Release|Any CPU
		{4B056F96-69D8-4505-8ACD-783F82674E9C}.Release|Any CPU.Build.0 = Release|Any CPU
	EndGlobalSection
	GlobalSection(SolutionProperties) = preSolution
		HideSolutionNode = FALSE
	EndGlobalSection
	GlobalSection(NestedProjects) = preSolution
		{16B50972-19A8-4EF5-B50C-5D5C596576E6} = {3560CB46-CDE5-47B7-B97B-4362A3C0ABAD}
		{2A41CA9C-21A0-4751-9111-1F8809779563} = {02EA681E-C7D8-13C7-8484-4AC65E1B71E8}
		{D3D9EE35-732B-4B37-9598-CABD25C39661} = {02EA681E-C7D8-13C7-8484-4AC65E1B71E8}
		{95F92BF4-751A-461F-AD12-9F511FCE8669} = {4DEB2D0F-63B6-4B55-9D0D-929A58799AA5}
		{3D6C8BE8-C186-4BB5-9459-FB15ABA11DD2} = {B2F73C39-C8C0-43CE-95E9-EC05C9456C0F}
		{0F7AF087-16BC-4D6E-8831-A17F9E24C758} = {E9553911-D94F-4DF7-8719-022677A898AF}
		{4B056F96-69D8-4505-8ACD-783F82674E9C} = {E9553911-D94F-4DF7-8719-022677A898AF}
	EndGlobalSection
	GlobalSection(ExtensibilityGlobals) = postSolution
		SolutionGuid = {1E9ACB1F-7F12-4CEC-8E9E-0A43BADFF9BB}
	EndGlobalSection
EndGlobal
